
Microsoft Visual Studio Solution File, Format Version 11.00
# Visual Studio 2010
Project("{FAE04EC0-301F-11D3-BF4B-00C04F79EFBC}") = "SIPProvider", "SIPProvider\SIPProvider.csproj", "{C9E5828B-43F9-4C90-AC8C-38635D303ACA}"
EndProject
Project("{FAE04EC0-301F-11D3-BF4B-00C04F79EFBC}") = "NogaFone", "phone\NogaFone.csproj", "{26185154-C0D4-4823-8AE4-83731AE28376}"
EndProject
Global
	GlobalSection(SolutionConfigurationPlatforms) = preSolution
		Debug|Any CPU = Debug|Any CPU
		Release|Any CPU = Release|Any CPU
	EndGlobalSection
	GlobalSection(ProjectConfigurationPlatforms) = postSolution
		{C9E5828B-43F9-4C90-AC8C-38635D303ACA}.Debug|Any CPU.ActiveCfg = Debug|Any CPU
		{C9E5828B-43F9-4C90-AC8C-38635D303ACA}.Debug|Any CPU.Build.0 = Debug|Any CPU
		{C9E5828B-43F9-4C90-AC8C-38635D303ACA}.Release|Any CPU.ActiveCfg = Release|Any CPU
		{C9E5828B-43F9-4C90-AC8C-38635D303ACA}.Release|Any CPU.Build.0 = Release|Any CPU
		{26185154-C0D4-4823-8AE4-83731AE28376}.Debug|Any CPU.ActiveCfg = Debug|Any CPU
		{26185154-C0D4-4823-8AE4-83731AE28376}.Debug|Any CPU.Build.0 = Debug|Any CPU
		{26185154-C0D4-4823-8AE4-83731AE28376}.Release|Any CPU.ActiveCfg = Release|Any CPU
		{26185154-C0D4-4823-8AE4-83731AE28376}.Release|Any CPU.Build.0 = Release|Any CPU
	EndGlobalSection
	GlobalSection(SolutionProperties) = preSolution
		HideSolutionNode = FALSE
	EndGlobalSection
EndGlobal
